github.com/axgle/mahonia v0.0.0-20180208002826-3358181d7394/go.mod h1:Q8n74mJTIgjX4RBBcHnJ05h//6/k6foqmgE45jTQtxg=
github.com/sunyufeng1/CommTool v0.0.0-20220524112509-37f66652dcf7 h1:41lZZcvq4DmRK7HmGlRU5n0u1H1PmgXQ972SAgAXBnQ=
github.com/sunyufeng1/CommTool v0.0.0-20220524112509-37f66652dcf7/go.mod h1:UoCjffcw2DNFcyFMmKxUkrARvxEJfkfOYV99OdBZDHY=
github.com/sunyufeng1/LeeCode v0.0.0-20220521120812-b7cc1109897b h1:vKmOyWkLvm+UwHPZI2aVYfY9QjnAyzO0km5SCh+vmw0=
github.com/sunyufeng1/LeeCode v0.0.0-20220521120812-b7cc1109897b/go.mod h1:u/gtT6xx/JWn3rSNArLfzU7bsWfv/2gSTrsNLcvQTNw=
